PODS:
  - Kingfisher (4.10.1)
  - WebImage (0.4.5):
    - Kingfisher (~> 4.0)

DEPENDENCIES:
  - WebImage (from `../`)

SPEC REPOS:
  https://github.com/cocoapods/specs.git:
    - Kingfisher

EXTERNAL SOURCES:
  WebImage:
    :path: "../"

SPEC CHECKSUMS:
  Kingfisher: c148cd7b47ebde9989f6bc7c27dcaa79d81279a0
  WebImage: ee22d23c1ac1a406258fdae0d179cc782684dd19

PODFILE CHECKSUM: b8e66050054f85b28f1391023f2399699c6d416a

COCOAPODS: 1.7.1
